
Microsoft Visual Studio Solution File, Format Version 12.00
# Visual Studio Version 16
VisualStudioVersion = 16.0.30907.101
MinimumVisualStudioVersion = 10.0.40219.1
Project("{9A19103F-16F7-4668-BE54-9A1E7A4F7556}") = "NotificationApp.Domain.Core", "src\Domain\NotificationApp.Domain.Core\NotificationApp.Domain.Core.csproj", "{A31407C8-0917-4D86-B0F9-AE6DB2D1C1C8}"
EndProject
Project("{9A19103F-16F7-4668-BE54-9A1E7A4F7556}") = "NotificationApp.Core", "src\NotificationApp.Core\NotificationApp.Core.csproj", "{A1A337CE-D213-46DA-A2B5-B025A4C5DC4B}"
EndProject
Project("{9A19103F-16F7-4668-BE54-9A1E7A4F7556}") = "NotificationApp.Data", "src\Data\NotificationApp.Data\NotificationApp.Data.csproj", "{2ECB19C2-56FE-45D8-8866-469C66B2B72D}"
EndProject
Project("{2150E333-8FDC-42A3-9474-1A3956D46DE8}") = "src", "src", "{10D0A24B-3EA4-4EA4-B319-E10C3E7047E5}"
EndProject
Project("{2150E333-8FDC-42A3-9474-1A3956D46DE8}") = "Data", "Data", "{975A7F70-A217-4989-9DB6-363050C67375}"
EndProject
Project("{2150E333-8FDC-42A3-9474-1A3956D46DE8}") = "Domain", "Domain", "{4A6B720A-25A6-45EA-A8D2-84A90E48E1FB}"
EndProject
Project("{9A19103F-16F7-4668-BE54-9A1E7A4F7556}") = "NotificationApp", "src\NotificationApp\NotificationApp.csproj", "{CB933EF4-9BAF-43B9-AD15-F330B7AEBD6E}"
EndProject
Project("{2150E333-8FDC-42A3-9474-1A3956D46DE8}") = "Api", "Api", "{BE68808A-AF00-40DB-913E-3394B453B524}"
EndProject
Project("{9A19103F-16F7-4668-BE54-9A1E7A4F7556}") = "NotificationApp.Api", "src\Api\NotificationApp.Api\NotificationApp.Api.csproj", "{4A479F12-DB6D-4936-9848-4FDAC98C4C6D}"
EndProject
Project("{2150E333-8FDC-42A3-9474-1A3956D46DE8}") = "Application", "Application", "{B91DCBB9-1BD8-4843-9139-0592DA84112D}"
EndProject
Project("{9A19103F-16F7-4668-BE54-9A1E7A4F7556}") = "NotificationApp.Application.Core", "src\Application\NotificationApp.Application.Core\NotificationApp.Application.Core.csproj", "{0D06F04E-82B3-4EAC-8E18-B51075461274}"
EndProject
Project("{9A19103F-16F7-4668-BE54-9A1E7A4F7556}") = "NotificationApp.Application", "src\Application\NotificationApp.Application\NotificationApp.Application.csproj", "{DE2CD5FA-4FEA-4269-B20C-3C6F7CDF23EF}"
EndProject
Project("{9A19103F-16F7-4668-BE54-9A1E7A4F7556}") = "NotificationApp.Domain", "src\Domain\NotificationApp.Domain\NotificationApp.Domain.csproj", "{B4BB0B25-3335-4DE7-8170-ED5FC17C050E}"
EndProject
Project("{2150E333-8FDC-42A3-9474-1A3956D46DE8}") = "tests", "tests", "{D9ACDABB-2848-47D2-8F44-0C3502866D38}"
EndProject
Project("{2150E333-8FDC-42A3-9474-1A3956D46DE8}") = "Domain", "Domain", "{BE602C02-9304-4453-BDFA-511321ADD303}"
EndProject
Project("{9A19103F-16F7-4668-BE54-9A1E7A4F7556}") = "NotificationApp.Domain.Test", "tests\Domain\NotificationApp.Domain.Test\NotificationApp.Domain.Test.csproj", "{98C3BC80-4D00-4C63-9583-1E5F517A848C}"
EndProject
Project("{2150E333-8FDC-42A3-9474-1A3956D46DE8}") = "Application", "Application", "{C6B1FB0F-2D45-4922-8FCD-BAAB9DA70EC9}"
EndProject
Project("{9A19103F-16F7-4668-BE54-9A1E7A4F7556}") = "NotificationApp.Application.Test", "tests\Application\NotificationApp.Application.Test\NotificationApp.Application.Test.csproj", "{E6E216AB-13EA-4154-82A9-0010F55C353F}"
EndProject
Project("{FAE04EC0-301F-11D3-BF4B-00C04F79EFBC}") = "NotificationApp.Domain.Models", "src\Domain\NotificationApp.Domain.Models\NotificationApp.Domain.Models.csproj", "{3958CC0C-90F5-4FDC-B6B8-BC67AD98D758}"
EndProject
Global
	GlobalSection(SolutionConfigurationPlatforms) = preSolution
		Debug|Any CPU = Debug|Any CPU
		Release|Any CPU = Release|Any CPU
	EndGlobalSection
	GlobalSection(ProjectConfigurationPlatforms) = postSolution
		{A31407C8-0917-4D86-B0F9-AE6DB2D1C1C8}.Debug|Any CPU.ActiveCfg = Debug|Any CPU
		{A31407C8-0917-4D86-B0F9-AE6DB2D1C1C8}.Debug|Any CPU.Build.0 = Debug|Any CPU
		{A31407C8-0917-4D86-B0F9-AE6DB2D1C1C8}.Release|Any CPU.ActiveCfg = Release|Any CPU
		{A31407C8-0917-4D86-B0F9-AE6DB2D1C1C8}.Release|Any CPU.Build.0 = Release|Any CPU
		{A1A337CE-D213-46DA-A2B5-B025A4C5DC4B}.Debug|Any CPU.ActiveCfg = Debug|Any CPU
		{A1A337CE-D213-46DA-A2B5-B025A4C5DC4B}.Debug|Any CPU.Build.0 = Debug|Any CPU
		{A1A337CE-D213-46DA-A2B5-B025A4C5DC4B}.Release|Any CPU.ActiveCfg = Release|Any CPU
		{A1A337CE-D213-46DA-A2B5-B025A4C5DC4B}.Release|Any CPU.Build.0 = Release|Any CPU
		{2ECB19C2-56FE-45D8-8866-469C66B2B72D}.Debug|Any CPU.ActiveCfg = Debug|Any CPU
		{2ECB19C2-56FE-45D8-8866-469C66B2B72D}.Debug|Any CPU.Build.0 = Debug|Any CPU
		{2ECB19C2-56FE-45D8-8866-469C66B2B72D}.Release|Any CPU.ActiveCfg = Release|Any CPU
		{2ECB19C2-56FE-45D8-8866-469C66B2B72D}.Release|Any CPU.Build.0 = Release|Any CPU
		{CB933EF4-9BAF-43B9-AD15-F330B7AEBD6E}.Debug|Any CPU.ActiveCfg = Debug|Any CPU
		{CB933EF4-9BAF-43B9-AD15-F330B7AEBD6E}.Debug|Any CPU.Build.0 = Debug|Any CPU
		{CB933EF4-9BAF-43B9-AD15-F330B7AEBD6E}.Release|Any CPU.ActiveCfg = Release|Any CPU
		{CB933EF4-9BAF-43B9-AD15-F330B7AEBD6E}.Release|Any CPU.Build.0 = Release|Any CPU
		{4A479F12-DB6D-4936-9848-4FDAC98C4C6D}.Debug|Any CPU.ActiveCfg = Debug|Any CPU
		{4A479F12-DB6D-4936-9848-4FDAC98C4C6D}.Debug|Any CPU.Build.0 = Debug|Any CPU
		{4A479F12-DB6D-4936-9848-4FDAC98C4C6D}.Release|Any CPU.ActiveCfg = Release|Any CPU
		{4A479F12-DB6D-4936-9848-4FDAC98C4C6D}.Release|Any CPU.Build.0 = Release|Any CPU
		{0D06F04E-82B3-4EAC-8E18-B51075461274}.Debug|Any CPU.ActiveCfg = Debug|Any CPU
		{0D06F04E-82B3-4EAC-8E18-B51075461274}.Debug|Any CPU.Build.0 = Debug|Any CPU
		{0D06F04E-82B3-4EAC-8E18-B51075461274}.Release|Any CPU.ActiveCfg = Release|Any CPU
		{0D06F04E-82B3-4EAC-8E18-B51075461274}.Release|Any CPU.Build.0 = Release|Any CPU
		{DE2CD5FA-4FEA-4269-B20C-3C6F7CDF23EF}.Debug|Any CPU.ActiveCfg = Debug|Any CPU
		{DE2CD5FA-4FEA-4269-B20C-3C6F7CDF23EF}.Debug|Any CPU.Build.0 = Debug|Any CPU
		{DE2CD5FA-4FEA-4269-B20C-3C6F7CDF23EF}.Release|Any CPU.ActiveCfg = Release|Any CPU
		{DE2CD5FA-4FEA-4269-B20C-3C6F7CDF23EF}.Release|Any CPU.Build.0 = Release|Any CPU
		{B4BB0B25-3335-4DE7-8170-ED5FC17C050E}.Debug|Any CPU.ActiveCfg = Debug|Any CPU
		{B4BB0B25-3335-4DE7-8170-ED5FC17C050E}.Debug|Any CPU.Build.0 = Debug|Any CPU
		{B4BB0B25-3335-4DE7-8170-ED5FC17C050E}.Release|Any CPU.ActiveCfg = Release|Any CPU
		{B4BB0B25-3335-4DE7-8170-ED5FC17C050E}.Release|Any CPU.Build.0 = Release|Any CPU
		{98C3BC80-4D00-4C63-9583-1E5F517A848C}.Debug|Any CPU.ActiveCfg = Debug|Any CPU
		{98C3BC80-4D00-4C63-9583-1E5F517A848C}.Debug|Any CPU.Build.0 = Debug|Any CPU
		{98C3BC80-4D00-4C63-9583-1E5F517A848C}.Release|Any CPU.ActiveCfg = Release|Any CPU
		{98C3BC80-4D00-4C63-9583-1E5F517A848C}.Release|Any CPU.Build.0 = Release|Any CPU
		{E6E216AB-13EA-4154-82A9-0010F55C353F}.Debug|Any CPU.ActiveCfg = Debug|Any CPU
		{E6E216AB-13EA-4154-82A9-0010F55C353F}.Debug|Any CPU.Build.0 = Debug|Any CPU
		{E6E216AB-13EA-4154-82A9-0010F55C353F}.Release|Any CPU.ActiveCfg = Release|Any CPU
		{E6E216AB-13EA-4154-82A9-0010F55C353F}.Release|Any CPU.Build.0 = Release|Any CPU
		{3958CC0C-90F5-4FDC-B6B8-BC67AD98D758}.Debug|Any CPU.ActiveCfg = Debug|Any CPU
		{3958CC0C-90F5-4FDC-B6B8-BC67AD98D758}.Debug|Any CPU.Build.0 = Debug|Any CPU
		{3958CC0C-90F5-4FDC-B6B8-BC67AD98D758}.Release|Any CPU.ActiveCfg = Release|Any CPU
		{3958CC0C-90F5-4FDC-B6B8-BC67AD98D758}.Release|Any CPU.Build.0 = Release|Any CPU
	EndGlobalSection
	GlobalSection(SolutionProperties) = preSolution
		HideSolutionNode = FALSE
	EndGlobalSection
	GlobalSection(NestedProjects) = preSolution
		{A31407C8-0917-4D86-B0F9-AE6DB2D1C1C8} = {4A6B720A-25A6-45EA-A8D2-84A90E48E1FB}
		{A1A337CE-D213-46DA-A2B5-B025A4C5DC4B} = {10D0A24B-3EA4-4EA4-B319-E10C3E7047E5}
		{2ECB19C2-56FE-45D8-8866-469C66B2B72D} = {975A7F70-A217-4989-9DB6-363050C67375}
		{975A7F70-A217-4989-9DB6-363050C67375} = {10D0A24B-3EA4-4EA4-B319-E10C3E7047E5}
		{4A6B720A-25A6-45EA-A8D2-84A90E48E1FB} = {10D0A24B-3EA4-4EA4-B319-E10C3E7047E5}
		{CB933EF4-9BAF-43B9-AD15-F330B7AEBD6E} = {10D0A24B-3EA4-4EA4-B319-E10C3E7047E5}
		{BE68808A-AF00-40DB-913E-3394B453B524} = {10D0A24B-3EA4-4EA4-B319-E10C3E7047E5}
		{4A479F12-DB6D-4936-9848-4FDAC98C4C6D} = {BE68808A-AF00-40DB-913E-3394B453B524}
		{B91DCBB9-1BD8-4843-9139-0592DA84112D} = {10D0A24B-3EA4-4EA4-B319-E10C3E7047E5}
		{0D06F04E-82B3-4EAC-8E18-B51075461274} = {B91DCBB9-1BD8-4843-9139-0592DA84112D}
		{DE2CD5FA-4FEA-4269-B20C-3C6F7CDF23EF} = {B91DCBB9-1BD8-4843-9139-0592DA84112D}
		{B4BB0B25-3335-4DE7-8170-ED5FC17C050E} = {4A6B720A-25A6-45EA-A8D2-84A90E48E1FB}
		{BE602C02-9304-4453-BDFA-511321ADD303} = {D9ACDABB-2848-47D2-8F44-0C3502866D38}
		{98C3BC80-4D00-4C63-9583-1E5F517A848C} = {BE602C02-9304-4453-BDFA-511321ADD303}
		{C6B1FB0F-2D45-4922-8FCD-BAAB9DA70EC9} = {D9ACDABB-2848-47D2-8F44-0C3502866D38}
		{E6E216AB-13EA-4154-82A9-0010F55C353F} = {C6B1FB0F-2D45-4922-8FCD-BAAB9DA70EC9}
		{3958CC0C-90F5-4FDC-B6B8-BC67AD98D758} = {4A6B720A-25A6-45EA-A8D2-84A90E48E1FB}
	EndGlobalSection
	GlobalSection(ExtensibilityGlobals) = postSolution
		SolutionGuid = {89B7D3C2-8C0F-48EC-9913-2C9C9215B960}
	EndGlobalSection
EndGlobal
